
Microsoft Visual Studio Solution File, Format Version 12.00
# Visual Studio Version 17
VisualStudioVersion = 17.7.34031.279
MinimumVisualStudioVersion = 10.0.40219.1
Project("{9A19103F-16F7-4668-BE54-9A1E7A4F7556}") = "CoreDatabase", "CoreDatabase\CoreDatabase.csproj", "{43BFC675-13B7-4AA8-97F6-6109948849CC}"
EndProject
Project("{9A19103F-16F7-4668-BE54-9A1E7A4F7556}") = "GameServer", "GameServer\GameServer.csproj", "{ACB92917-3D42-4F40-97F9-EA904A41DE36}"
EndProject
Project("{9A19103F-16F7-4668-BE54-9A1E7A4F7556}") = "CoreServer", "CoreServer\CoreServer.csproj", "{6DDF274A-91A3-4EAF-B0E3-30FD559ABD51}"
EndProject
Project("{9A19103F-16F7-4668-BE54-9A1E7A4F7556}") = "Tests", "Tests\Tests.csproj", "{564E8F20-3834-4F3D-B5F3-2981C1FC8300}"
EndProject
Project("{9A19103F-16F7-4668-BE54-9A1E7A4F7556}") = "CoreBase", "CoreBase\CoreBase.csproj", "{7A4022E5-6273-4613-A097-2A8496520BB6}"
EndProject
Project("{2150E333-8FDC-42A3-9474-1A3956D46DE8}") = "Solution Items", "Solution Items", "{AA32EC52-7739-41CF-A73A-5CCD333A90E6}"
	ProjectSection(SolutionItems) = preProject
		.editorconfig = .editorconfig
	EndProjectSection
EndProject
Global
	GlobalSection(SolutionConfigurationPlatforms) = preSolution
		Debug|Any CPU = Debug|Any CPU
		Release|Any CPU = Release|Any CPU
	EndGlobalSection
	GlobalSection(ProjectConfigurationPlatforms) = postSolution
		{43BFC675-13B7-4AA8-97F6-6109948849CC}.Debug|Any CPU.ActiveCfg = Debug|Any CPU
		{43BFC675-13B7-4AA8-97F6-6109948849CC}.Debug|Any CPU.Build.0 = Debug|Any CPU
		{43BFC675-13B7-4AA8-97F6-6109948849CC}.Release|Any CPU.ActiveCfg = Release|Any CPU
		{43BFC675-13B7-4AA8-97F6-6109948849CC}.Release|Any CPU.Build.0 = Release|Any CPU
		{ACB92917-3D42-4F40-97F9-EA904A41DE36}.Debug|Any CPU.ActiveCfg = Debug|Any CPU
		{ACB92917-3D42-4F40-97F9-EA904A41DE36}.Debug|Any CPU.Build.0 = Debug|Any CPU
		{ACB92917-3D42-4F40-97F9-EA904A41DE36}.Release|Any CPU.ActiveCfg = Release|Any CPU
		{ACB92917-3D42-4F40-97F9-EA904A41DE36}.Release|Any CPU.Build.0 = Release|Any CPU
		{6DDF274A-91A3-4EAF-B0E3-30FD559ABD51}.Debug|Any CPU.ActiveCfg = Debug|Any CPU
		{6DDF274A-91A3-4EAF-B0E3-30FD559ABD51}.Debug|Any CPU.Build.0 = Debug|Any CPU
		{6DDF274A-91A3-4EAF-B0E3-30FD559ABD51}.Release|Any CPU.ActiveCfg = Release|Any CPU
		{6DDF274A-91A3-4EAF-B0E3-30FD559ABD51}.Release|Any CPU.Build.0 = Release|Any CPU
		{564E8F20-3834-4F3D-B5F3-2981C1FC8300}.Debug|Any CPU.ActiveCfg = Debug|Any CPU
		{564E8F20-3834-4F3D-B5F3-2981C1FC8300}.Debug|Any CPU.Build.0 = Debug|Any CPU
		{564E8F20-3834-4F3D-B5F3-2981C1FC8300}.Release|Any CPU.ActiveCfg = Release|Any CPU
		{564E8F20-3834-4F3D-B5F3-2981C1FC8300}.Release|Any CPU.Build.0 = Release|Any CPU
		{7A4022E5-6273-4613-A097-2A8496520BB6}.Debug|Any CPU.ActiveCfg = Debug|Any CPU
		{7A4022E5-6273-4613-A097-2A8496520BB6}.Debug|Any CPU.Build.0 = Debug|Any CPU
		{7A4022E5-6273-4613-A097-2A8496520BB6}.Release|Any CPU.ActiveCfg = Release|Any CPU
		{7A4022E5-6273-4613-A097-2A8496520BB6}.Release|Any CPU.Build.0 = Release|Any CPU
	EndGlobalSection
	GlobalSection(SolutionProperties) = preSolution
		HideSolutionNode = FALSE
	EndGlobalSection
	GlobalSection(ExtensibilityGlobals) = postSolution
		SolutionGuid = {65F474B3-C643-4084-A73E-92B99370B140}
	EndGlobalSection
	GlobalSection(DPCodeReviewSolutionGUID) = preSolution
		DPCodeReviewSolutionGUID = {E0A35BF6-933B-4234-9567-082DC9DFF937}
	EndGlobalSection
EndGlobal
